# This file is autogenerated, do not edit; changes may be undone by the next 'dep ensure'.


[[projects]]
  digest = "1:4ba637038f22c9065994c0cd734118fc75e0c744f855fd3edbd3b923d1f41d44"
  name = "github.com/cenkalti/backoff"
  packages = ["."]
  pruneopts = "UT"
  revision = "61153c768f31ee5f130071d08fc82b85208528de"
  version = "v1.1.0"

[[projects]]
  digest = "1:76dc72490af7174349349838f2fe118996381b31ea83243812a97e5a0fd5ed55"
  name = "github.com/dgrijalva/jwt-go"
  packages = ["."]
  pruneopts = "UT"
  revision = "06ea1031745cb8b3dab3f6a236daf2b0aa468b7e"
  version = "v3.2.0"

[[projects]]
  digest = "1:ca59b1175189b3f0e9f1793d2c350114be36eaabbe5b9f554b35edee1de50aea"
  name = "github.com/gorilla/mux"
  packages = ["."]
  pruneopts = "UT"
  revision = "a7962380ca08b5a188038c69871b8d3fbdf31e89"
  version = "v1.7.0"

[[projects]]
  digest = "1:7b5c6e2eeaa9ae5907c391a91c132abfd5c9e8a784a341b5625e750c67e6825d"
  name = "github.com/gorilla/websocket"
  packages = ["."]
  pruneopts = "UT"
  revision = "66b9c49e59c6c48f0ffce28c2d8b8a5678502c6d"
  version = "v1.4.0"

[[projects]]
  digest = "1:949b62c7296e86311e6090620e2c4891d3073eb9b5e25493eaf73d5b38310c1b"
  name = "github.com/igm/sockjs-go"
  packages = ["sockjs"]
  pruneopts = "UT"
  revision = "c8a8c6429d10e3b6865960ad8cb43779b8a834ef"

[[projects]]
  branch = "master"
  digest = "1:190ff84d9b2ed6589088f178cba8edb4b8ecb334df4572421fb016be1ac20463"
  name = "github.com/juju/ratelimit"
  packages = ["."]
  pruneopts = "UT"
  revision = "59fac5042749a5afb9af70e813da1dd5474f0167"

[[projects]]
  branch = "master"
  digest = "1:fb893340d734effc171a6be936e9b925e9e5e5a18390e9fb78527c55e0b9a854"
  name = "github.com/koding/cache"
  packages = ["."]
  pruneopts = "UT"
  revision = "e8a81b0b3f20f895153311abde1062894b5912d6"

[[projects]]
  branch = "master"
  digest = "1:6913cad8ac45aab1486efe0ef756ad2f5c63d1c2f92ea44d69cb80315aa310f9"
  name = "github.com/koding/kite"
  packages = [
    ".",
    "config",
    "dnode",
    "kitekey",
    "protocol",
    "sockjsclient",
    "systeminfo",
    "utils",
  ]
  pruneopts = "UT"
  revision = "baa1a54919e3035417f7571dd46005e91afe8abe"

[[projects]]
  branch = "master"
  digest = "1:b17624f435331c5345ab5d2907bba722ba45adbe13d80a30373688844393f5e1"
  name = "github.com/koding/logging"
  packages = ["."]
  pruneopts = "UT"
  revision = "8b5a689ed69b1c7cd1e3595276fc2a352d7818e0"

[[projects]]
  branch = "master"
  digest = "1:a3b8912deeef29007fab9a13a9f21b9e9b59c621a2ed61e2fe7b37320a71fbd5"
  name = "github.com/satori/go.uuid"
  packages = ["."]
  pruneopts = "UT"
  revision = "b2ce2384e17bbe0c6d34077efa39dbab3e09123b"

[[projects]]
  branch = "master"
  digest = "1:fde12c4da6237363bf36b81b59aa36a43d28061167ec4acb0d41fc49464e28b9"
  name = "golang.org/x/crypto"
  packages = ["ssh/terminal"]
  pruneopts = "UT"
  revision = "193df9c0f06f8bb35fba505183eaf0acc0136505"

[[projects]]
  branch = "master"
  digest = "1:76ee51c3f468493aff39dbacc401e8831fbb765104cbf613b89bef01cf4bad70"
  name = "golang.org/x/net"
  packages = ["context"]
  pruneopts = "UT"
  revision = "65e2d4e15006aab9813ff8769e768bbf4bb667a0"

[[projects]]
  branch = "master"
  digest = "1:8975c6b66d95adc1cd08820aba7ad6b60b165725a401c4177c0eaa866170bb10"
  name = "golang.org/x/sys"
  packages = [
    "unix",
    "windows",
  ]
  pruneopts = "UT"
  revision = "3b5209105503162ded1863c307ac66fec31120dd"

[[projects]]
  branch = "v2"
  digest = "1:988de7520a09024d5d94cd99bd545afbf194893994ec759b1cda0a0bbb6adb80"
  name = "gopkg.in/mgo.v2"
  packages = [
    ".",
    "bson",
    "internal/json",
    "internal/sasl",
    "internal/scram",
  ]
  pruneopts = "UT"
  revision = "9856a29383ce1c59f308dd1cf0363a79b5bef6b5"

[solve-meta]
  analyzer-name = "dep"
  analyzer-version = 1
  input-imports = ["github.com/koding/kite"]
  solver-name = "gps-cdcl"
  solver-version = 1
